
Microsoft Visual Studio Solution File, Format Version 12.00
# Visual Studio Version 17
VisualStudioVersion = 17.12.35521.163
MinimumVisualStudioVersion = 10.0.40219.1
Project("{FAE04EC0-301F-11D3-BF4B-00C04F79EFBC}") = "NorthwindDAL", "NorthwindDAL\NorthwindDAL.csproj", "{3FE0B51A-8BE0-4931-BFF6-23466C4A067E}"
EndProject
Project("{FAE04EC0-301F-11D3-BF4B-00C04F79EFBC}") = "NorthwindBL", "NorthwindBL\NorthwindBL.csproj", "{7121F0A0-B499-4858-A81A-B18BBBA7C096}"
EndProject
Project("{FAE04EC0-301F-11D3-BF4B-00C04F79EFBC}") = "Northwind.API", "Northwind.API\Northwind.API.csproj", "{723DA7D4-D156-4FE0-924C-5D1CF79BE5BA}"
EndProject
Project("{FAE04EC0-301F-11D3-BF4B-00C04F79EFBC}") = "Northwind.Tests", "Northwind.Tests\Northwind.Tests.csproj", "{5A8C3670-6378-4EAD-8DCD-3D8C2A29D532}"
EndProject
Global
	GlobalSection(SolutionConfigurationPlatforms) = preSolution
		Debug|Any CPU = Debug|Any CPU
		Release|Any CPU = Release|Any CPU
	EndGlobalSection
	GlobalSection(ProjectConfigurationPlatforms) = postSolution
		{3FE0B51A-8BE0-4931-BFF6-23466C4A067E}.Debug|Any CPU.ActiveCfg = Debug|Any CPU
		{3FE0B51A-8BE0-4931-BFF6-23466C4A067E}.Debug|Any CPU.Build.0 = Debug|Any CPU
		{3FE0B51A-8BE0-4931-BFF6-23466C4A067E}.Release|Any CPU.ActiveCfg = Release|Any CPU
		{3FE0B51A-8BE0-4931-BFF6-23466C4A067E}.Release|Any CPU.Build.0 = Release|Any CPU
		{7121F0A0-B499-4858-A81A-B18BBBA7C096}.Debug|Any CPU.ActiveCfg = Debug|Any CPU
		{7121F0A0-B499-4858-A81A-B18BBBA7C096}.Debug|Any CPU.Build.0 = Debug|Any CPU
		{7121F0A0-B499-4858-A81A-B18BBBA7C096}.Release|Any CPU.ActiveCfg = Release|Any CPU
		{7121F0A0-B499-4858-A81A-B18BBBA7C096}.Release|Any CPU.Build.0 = Release|Any CPU
		{723DA7D4-D156-4FE0-924C-5D1CF79BE5BA}.Debug|Any CPU.ActiveCfg = Debug|Any CPU
		{723DA7D4-D156-4FE0-924C-5D1CF79BE5BA}.Debug|Any CPU.Build.0 = Debug|Any CPU
		{723DA7D4-D156-4FE0-924C-5D1CF79BE5BA}.Release|Any CPU.ActiveCfg = Release|Any CPU
		{723DA7D4-D156-4FE0-924C-5D1CF79BE5BA}.Release|Any CPU.Build.0 = Release|Any CPU
		{5A8C3670-6378-4EAD-8DCD-3D8C2A29D532}.Debug|Any CPU.ActiveCfg = Debug|Any CPU
		{5A8C3670-6378-4EAD-8DCD-3D8C2A29D532}.Debug|Any CPU.Build.0 = Debug|Any CPU
		{5A8C3670-6378-4EAD-8DCD-3D8C2A29D532}.Release|Any CPU.ActiveCfg = Release|Any CPU
		{5A8C3670-6378-4EAD-8DCD-3D8C2A29D532}.Release|Any CPU.Build.0 = Release|Any CPU
	EndGlobalSection
	GlobalSection(SolutionProperties) = preSolution
		HideSolutionNode = FALSE
	EndGlobalSection
EndGlobal
